PODS:
  - IBMMobileFirstPlatformFoundation (8.0.2019103114)

DEPENDENCIES:
  - IBMMobileFirstPlatformFoundation

SPEC REPOS:
  trunk:
    - IBMMobileFirstPlatformFoundation

SPEC CHECKSUMS:
  IBMMobileFirstPlatformFoundation: e25b7c57a08103c45b8961a4ef8336367d70ffe7

PODFILE CHECKSUM: fd838d2f18153fd8a209f82e244d044bee6b75d1

COCOAPODS: 1.8.4
